
Microsoft Visual Studio Solution File, Format Version 12.00
# Visual Studio Version 16
VisualStudioVersion = 16.0.30804.86
MinimumVisualStudioVersion = 10.0.40219.1
Project("{FAE04EC0-301F-11D3-BF4B-00C04F79EFBC}") = "MicrosoftAuth", "MicrosoftAuth\MicrosoftAuth.csproj", "{52B7317D-ED99-4DA5-B3E7-ECDF5B02E408}"
EndProject
Global
	GlobalSection(SolutionConfigurationPlatforms) = preSolution
		Debug|Any CPU = Debug|Any CPU
		Release|Any CPU = Release|Any CPU
	EndGlobalSection
	GlobalSection(ProjectConfigurationPlatforms) = postSolution
		{52B7317D-ED99-4DA5-B3E7-ECDF5B02E408}.Debug|Any CPU.ActiveCfg = Debug|Any CPU
		{52B7317D-ED99-4DA5-B3E7-ECDF5B02E408}.Debug|Any CPU.Build.0 = Debug|Any CPU
		{52B7317D-ED99-4DA5-B3E7-ECDF5B02E408}.Release|Any CPU.ActiveCfg = Release|Any CPU
		{52B7317D-ED99-4DA5-B3E7-ECDF5B02E408}.Release|Any CPU.Build.0 = Release|Any CPU
	EndGlobalSection
	GlobalSection(SolutionProperties) = preSolution
		HideSolutionNode = FALSE
	EndGlobalSection
	GlobalSection(ExtensibilityGlobals) = postSolution
		SolutionGuid = {82D2F654-ED60-48EA-9FAC-425E3A0B2A9D}
	EndGlobalSection
EndGlobal
